Microsoft Visual Studio Solution File, Format Version 11.00
# Visual Studio 2008

Project("{F9D830B5-D3BE-C98E-E977-EF5778614920}") = "corrections", "Assembly-CSharp.csproj", "{6ABB24E9-F8A2-BD81-7C8D-E0611D3C6C8C}"
EndProject
Project("{F9D830B5-D3BE-C98E-E977-EF5778614920}") = "corrections", "Assembly-CSharp-Editor.csproj", "{517D5528-0A0E-54C8-4F90-7A2BC675061B}"
EndProject
Global
	GlobalSection(SolutionConfigurationPlatforms) = preSolution
		Debug|Any CPU = Debug|Any CPU
		Release|Any CPU = Release|Any CPU
	EndGlobalSection
	GlobalSection(ProjectConfigurationPlatforms) = postSolution
		{6ABB24E9-F8A2-BD81-7C8D-E0611D3C6C8C}.Debug|Any CPU.ActiveCfg = Debug|Any CPU
		{6ABB24E9-F8A2-BD81-7C8D-E0611D3C6C8C}.Debug|Any CPU.Build.0 = Debug|Any CPU
		{6ABB24E9-F8A2-BD81-7C8D-E0611D3C6C8C}.Release|Any CPU.ActiveCfg = Release|Any CPU
		{6ABB24E9-F8A2-BD81-7C8D-E0611D3C6C8C}.Release|Any CPU.Build.0 = Release|Any CPU
		{517D5528-0A0E-54C8-4F90-7A2BC675061B}.Debug|Any CPU.ActiveCfg = Debug|Any CPU
		{517D5528-0A0E-54C8-4F90-7A2BC675061B}.Debug|Any CPU.Build.0 = Debug|Any CPU
		{517D5528-0A0E-54C8-4F90-7A2BC675061B}.Release|Any CPU.ActiveCfg = Release|Any CPU
		{517D5528-0A0E-54C8-4F90-7A2BC675061B}.Release|Any CPU.Build.0 = Release|Any CPU
	EndGlobalSection
	GlobalSection(SolutionProperties) = preSolution
		HideSolutionNode = FALSE
	EndGlobalSection
																												GlobalSection(MonoDevelopProperties) = preSolution
		StartupItem = Assembly-CSharp.csproj
		Policies = $0
		$0.TextStylePolicy = $1
		$1.inheritsSet = null
		$1.scope = text/x-csharp
		$0.CSharpFormattingPolicy = $2
		$2.inheritsSet = Mono
		$2.inheritsScope = text/x-csharp
		$2.scope = text/x-csharp
		$0.TextStylePolicy = $3
		$3.FileWidth = 120
		$3.TabWidth = 4
		$3.IndentWidth = 4
		$3.EolMarker = Unix
		$3.inheritsSet = Mono
		$3.inheritsScope = text/plain
		$3.scope = text/plain
	EndGlobalSection

EndGlobal
